{
  "name": "node-red-contrib-statistics",
  "version": "2.2.2",
  "lockfileVersion": 1,
  "requires": true,
  "dependencies": {
    "simple-statistics": {
      "version": "6.0.1",
      "resolved": "https://registry.npmjs.org/simple-statistics/-/simple-statistics-6.0.1.tgz",
      "integrity": "sha512-uCmjp2F0FEjgvKj13lsa5PDA9jG1lnjfzBDlB4yCyeJYAdfKgNmNFGEd49b7QNNtnAEKmB7XsiR5hbW4MQ04nw=="
    }
  }
}
